
Microsoft Visual Studio Solution File, Format Version 12.00
# Visual Studio Version 17
VisualStudioVersion = 17.0.31903.59
MinimumVisualStudioVersion = 10.0.40219.1
Project("{2150E333-8FDC-42A3-9474-1A3956D46DE8}") = "core", "core", "{5B9160EC-64B5-47F8-A393-7C498BEBEF7A}"
EndProject
Project("{2150E333-8FDC-42A3-9474-1A3956D46DE8}") = "src", "src", "{6AEF8967-B765-4AE1-95D5-FD730261BB9A}"
EndProject
Project("{2150E333-8FDC-42A3-9474-1A3956D46DE8}") = "tests", "tests", "{A867D592-46DD-4FEE-A19A-412399603CB6}"
EndProject
Project("{2150E333-8FDC-42A3-9474-1A3956D46DE8}") = "api", "api", "{81CBFB0D-50C3-4AB5-9637-C348238439AC}"
EndProject
Project("{2150E333-8FDC-42A3-9474-1A3956D46DE8}") = "worker", "worker", "{89DDB75D-4397-42D1-B58C-86F2AD4CC0F4}"
EndProject
Project("{FAE04EC0-301F-11D3-BF4B-00C04F79EFBC}") = "Notification.Core.MessageBus", "src\core\Notification.Core.MessageBus\Notification.Core.MessageBus.csproj", "{6742457B-5D96-4496-A4CE-2CCFA929ABF1}"
EndProject
Project("{FAE04EC0-301F-11D3-BF4B-00C04F79EFBC}") = "Notification.Core", "src\core\Notification.Core\Notification.Core.csproj", "{59EB325D-5710-4BB2-A7EE-86B1FD25D1E5}"
EndProject
Project("{FAE04EC0-301F-11D3-BF4B-00C04F79EFBC}") = "Notification.API", "src\API\Notification.API\Notification.API.csproj", "{C0358355-BCED-4196-AB73-CF0DF70E80E5}"
EndProject
Project("{FAE04EC0-301F-11D3-BF4B-00C04F79EFBC}") = "Notification.Worker", "src\Worker\Notification.Worker\Notification.Worker.csproj", "{0F85D6DF-9856-49A7-B8E0-DD852E4005DA}"
EndProject
Project("{2150E333-8FDC-42A3-9474-1A3956D46DE8}") = "api", "api", "{B8736E0D-E30F-45F4-8AD6-35DC14CAA2F9}"
EndProject
Project("{2150E333-8FDC-42A3-9474-1A3956D46DE8}") = "core", "core", "{BD163528-E6C5-4590-9827-EE79EFAC28B9}"
EndProject
Project("{2150E333-8FDC-42A3-9474-1A3956D46DE8}") = "worker", "worker", "{09B869A3-6ADB-4CFE-8366-85D6F7FD86A9}"
EndProject
Project("{FAE04EC0-301F-11D3-BF4B-00C04F79EFBC}") = "Notification.API.Tests", "tests\API\Notification.API.Tests\Notification.API.Tests.csproj", "{12FD847F-6349-454F-9746-FF325FE739CC}"
EndProject
Project("{FAE04EC0-301F-11D3-BF4B-00C04F79EFBC}") = "Notification.Core.Tests", "tests\Core\Notification.Core.Tests\Notification.Core.Tests.csproj", "{F2E172DE-C445-4B27-86BA-D9E085AD5009}"
EndProject
Project("{FAE04EC0-301F-11D3-BF4B-00C04F79EFBC}") = "TestProject1Notification.Core.MessageBus.Tests", "tests\Core\TestProject1Notification.Core.MessageBus.Tests\TestProject1Notification.Core.MessageBus.Tests.csproj", "{981DB2FA-D1AF-4332-B443-CDED0C5D5295}"
EndProject
Project("{FAE04EC0-301F-11D3-BF4B-00C04F79EFBC}") = "TestProject1Notification.Worker.Tests", "tests\Worker\TestProject1Notification.Worker.Tests\TestProject1Notification.Worker.Tests.csproj", "{843D91D0-B11C-40A5-A12F-DCDFE1840274}"
EndProject
Global
	GlobalSection(SolutionConfigurationPlatforms) = preSolution
		Debug|Any CPU = Debug|Any CPU
		Release|Any CPU = Release|Any CPU
	EndGlobalSection
	GlobalSection(SolutionProperties) = preSolution
		HideSolutionNode = FALSE
	EndGlobalSection
	GlobalSection(NestedProjects) = preSolution
		{5B9160EC-64B5-47F8-A393-7C498BEBEF7A} = {6AEF8967-B765-4AE1-95D5-FD730261BB9A}
		{81CBFB0D-50C3-4AB5-9637-C348238439AC} = {6AEF8967-B765-4AE1-95D5-FD730261BB9A}
		{89DDB75D-4397-42D1-B58C-86F2AD4CC0F4} = {6AEF8967-B765-4AE1-95D5-FD730261BB9A}
		{6742457B-5D96-4496-A4CE-2CCFA929ABF1} = {5B9160EC-64B5-47F8-A393-7C498BEBEF7A}
		{59EB325D-5710-4BB2-A7EE-86B1FD25D1E5} = {5B9160EC-64B5-47F8-A393-7C498BEBEF7A}
		{C0358355-BCED-4196-AB73-CF0DF70E80E5} = {81CBFB0D-50C3-4AB5-9637-C348238439AC}
		{0F85D6DF-9856-49A7-B8E0-DD852E4005DA} = {89DDB75D-4397-42D1-B58C-86F2AD4CC0F4}
		{B8736E0D-E30F-45F4-8AD6-35DC14CAA2F9} = {A867D592-46DD-4FEE-A19A-412399603CB6}
		{BD163528-E6C5-4590-9827-EE79EFAC28B9} = {A867D592-46DD-4FEE-A19A-412399603CB6}
		{09B869A3-6ADB-4CFE-8366-85D6F7FD86A9} = {A867D592-46DD-4FEE-A19A-412399603CB6}
		{12FD847F-6349-454F-9746-FF325FE739CC} = {B8736E0D-E30F-45F4-8AD6-35DC14CAA2F9}
		{F2E172DE-C445-4B27-86BA-D9E085AD5009} = {BD163528-E6C5-4590-9827-EE79EFAC28B9}
		{981DB2FA-D1AF-4332-B443-CDED0C5D5295} = {BD163528-E6C5-4590-9827-EE79EFAC28B9}
		{843D91D0-B11C-40A5-A12F-DCDFE1840274} = {09B869A3-6ADB-4CFE-8366-85D6F7FD86A9}
	EndGlobalSection
	GlobalSection(ProjectConfigurationPlatforms) = postSolution
		{6742457B-5D96-4496-A4CE-2CCFA929ABF1}.Debug|Any CPU.ActiveCfg = Debug|Any CPU
		{6742457B-5D96-4496-A4CE-2CCFA929ABF1}.Debug|Any CPU.Build.0 = Debug|Any CPU
		{6742457B-5D96-4496-A4CE-2CCFA929ABF1}.Release|Any CPU.ActiveCfg = Release|Any CPU
		{6742457B-5D96-4496-A4CE-2CCFA929ABF1}.Release|Any CPU.Build.0 = Release|Any CPU
		{59EB325D-5710-4BB2-A7EE-86B1FD25D1E5}.Debug|Any CPU.ActiveCfg = Debug|Any CPU
		{59EB325D-5710-4BB2-A7EE-86B1FD25D1E5}.Debug|Any CPU.Build.0 = Debug|Any CPU
		{59EB325D-5710-4BB2-A7EE-86B1FD25D1E5}.Release|Any CPU.ActiveCfg = Release|Any CPU
		{59EB325D-5710-4BB2-A7EE-86B1FD25D1E5}.Release|Any CPU.Build.0 = Release|Any CPU
		{C0358355-BCED-4196-AB73-CF0DF70E80E5}.Debug|Any CPU.ActiveCfg = Debug|Any CPU
		{C0358355-BCED-4196-AB73-CF0DF70E80E5}.Debug|Any CPU.Build.0 = Debug|Any CPU
		{C0358355-BCED-4196-AB73-CF0DF70E80E5}.Release|Any CPU.ActiveCfg = Release|Any CPU
		{C0358355-BCED-4196-AB73-CF0DF70E80E5}.Release|Any CPU.Build.0 = Release|Any CPU
		{0F85D6DF-9856-49A7-B8E0-DD852E4005DA}.Debug|Any CPU.ActiveCfg = Debug|Any CPU
		{0F85D6DF-9856-49A7-B8E0-DD852E4005DA}.Debug|Any CPU.Build.0 = Debug|Any CPU
		{0F85D6DF-9856-49A7-B8E0-DD852E4005DA}.Release|Any CPU.ActiveCfg = Release|Any CPU
		{0F85D6DF-9856-49A7-B8E0-DD852E4005DA}.Release|Any CPU.Build.0 = Release|Any CPU
		{12FD847F-6349-454F-9746-FF325FE739CC}.Debug|Any CPU.ActiveCfg = Debug|Any CPU
		{12FD847F-6349-454F-9746-FF325FE739CC}.Debug|Any CPU.Build.0 = Debug|Any CPU
		{12FD847F-6349-454F-9746-FF325FE739CC}.Release|Any CPU.ActiveCfg = Release|Any CPU
		{12FD847F-6349-454F-9746-FF325FE739CC}.Release|Any CPU.Build.0 = Release|Any CPU
		{F2E172DE-C445-4B27-86BA-D9E085AD5009}.Debug|Any CPU.ActiveCfg = Debug|Any CPU
		{F2E172DE-C445-4B27-86BA-D9E085AD5009}.Debug|Any CPU.Build.0 = Debug|Any CPU
		{F2E172DE-C445-4B27-86BA-D9E085AD5009}.Release|Any CPU.ActiveCfg = Release|Any CPU
		{F2E172DE-C445-4B27-86BA-D9E085AD5009}.Release|Any CPU.Build.0 = Release|Any CPU
		{981DB2FA-D1AF-4332-B443-CDED0C5D5295}.Debug|Any CPU.ActiveCfg = Debug|Any CPU
		{981DB2FA-D1AF-4332-B443-CDED0C5D5295}.Debug|Any CPU.Build.0 = Debug|Any CPU
		{981DB2FA-D1AF-4332-B443-CDED0C5D5295}.Release|Any CPU.ActiveCfg = Release|Any CPU
		{981DB2FA-D1AF-4332-B443-CDED0C5D5295}.Release|Any CPU.Build.0 = Release|Any CPU
		{843D91D0-B11C-40A5-A12F-DCDFE1840274}.Debug|Any CPU.ActiveCfg = Debug|Any CPU
		{843D91D0-B11C-40A5-A12F-DCDFE1840274}.Debug|Any CPU.Build.0 = Debug|Any CPU
		{843D91D0-B11C-40A5-A12F-DCDFE1840274}.Release|Any CPU.ActiveCfg = Release|Any CPU
		{843D91D0-B11C-40A5-A12F-DCDFE1840274}.Release|Any CPU.Build.0 = Release|Any CPU
	EndGlobalSection
EndGlobal
