
Microsoft Visual Studio Solution File, Format Version 12.00
# Visual Studio Version 16
VisualStudioVersion = 25.0.1706.7
MinimumVisualStudioVersion = 10.0.40219.1
Project("{FAE04EC0-301F-11D3-BF4B-00C04F79EFBC}") = "Notification.Worker", "Notification.Worker.csproj", "{C3491DB2-1628-4A52-B828-68A8B7D4BF16}"
EndProject
Global
	GlobalSection(SolutionConfigurationPlatforms) = preSolution
		Debug|Any CPU = Debug|Any CPU
		Release|Any CPU = Release|Any CPU
	EndGlobalSection
	GlobalSection(ProjectConfigurationPlatforms) = postSolution
		{C3491DB2-1628-4A52-B828-68A8B7D4BF16}.Debug|Any CPU.ActiveCfg = Debug|Any CPU
		{C3491DB2-1628-4A52-B828-68A8B7D4BF16}.Debug|Any CPU.Build.0 = Debug|Any CPU
		{C3491DB2-1628-4A52-B828-68A8B7D4BF16}.Release|Any CPU.ActiveCfg = Release|Any CPU
		{C3491DB2-1628-4A52-B828-68A8B7D4BF16}.Release|Any CPU.Build.0 = Release|Any CPU
	EndGlobalSection
	GlobalSection(SolutionProperties) = preSolution
		HideSolutionNode = FALSE
	EndGlobalSection
	GlobalSection(ExtensibilityGlobals) = postSolution
		SolutionGuid = {BCE60360-2FC0-4BDD-84CE-825A3788BE3C}
	EndGlobalSection
EndGlobal
